
Microsoft Visual Studio Solution File, Format Version 12.00
# Visual Studio Version 17
VisualStudioVersion = 17.8.34316.72
MinimumVisualStudioVersion = 10.0.40219.1
Project("{FAE04EC0-301F-11D3-BF4B-00C04F79EFBC}") = "TPVehicule", "TPVehicule\TPVehicule.csproj", "{96265CE8-323F-4B36-8828-E3D104AB0B65}"
EndProject
Project("{FAE04EC0-301F-11D3-BF4B-00C04F79EFBC}") = "Entities", "Entities\Entities.csproj", "{35F0AB94-05BA-4119-A093-1FAF61087027}"
EndProject
Global
	GlobalSection(SolutionConfigurationPlatforms) = preSolution
		Debug|Any CPU = Debug|Any CPU
		Release|Any CPU = Release|Any CPU
	EndGlobalSection
	GlobalSection(ProjectConfigurationPlatforms) = postSolution
		{96265CE8-323F-4B36-8828-E3D104AB0B65}.Debug|Any CPU.ActiveCfg = Debug|Any CPU
		{96265CE8-323F-4B36-8828-E3D104AB0B65}.Debug|Any CPU.Build.0 = Debug|Any CPU
		{96265CE8-323F-4B36-8828-E3D104AB0B65}.Release|Any CPU.ActiveCfg = Release|Any CPU
		{96265CE8-323F-4B36-8828-E3D104AB0B65}.Release|Any CPU.Build.0 = Release|Any CPU
		{35F0AB94-05BA-4119-A093-1FAF61087027}.Debug|Any CPU.ActiveCfg = Debug|Any CPU
		{35F0AB94-05BA-4119-A093-1FAF61087027}.Debug|Any CPU.Build.0 = Debug|Any CPU
		{35F0AB94-05BA-4119-A093-1FAF61087027}.Release|Any CPU.ActiveCfg = Release|Any CPU
		{35F0AB94-05BA-4119-A093-1FAF61087027}.Release|Any CPU.Build.0 = Release|Any CPU
	EndGlobalSection
	GlobalSection(SolutionProperties) = preSolution
		HideSolutionNode = FALSE
	EndGlobalSection
	GlobalSection(ExtensibilityGlobals) = postSolution
		SolutionGuid = {E4855249-3E42-4CC5-90C5-76E050110D69}
	EndGlobalSection
EndGlobal
